// !$*UTF8*$!
{
	archiveVersion = 1;
	classes = {
	};
	objectVersion = 46;
	objects = {

/* Begin PBXBuildFile section */
		B111A3111E6800100081A3A5 /* main.m in Sources */ = {isa = PBXBuildFile; fileRef = B111A3101E6800100081A3A5 /* main.m */; };
		B111A3141E6800100081A3A5 /* AppDelegate.m in Sources */ = {isa = PBXBuildFile; fileRef = B111A3131E6800100081A3A5 /* AppDelegate.m */; };
		B111A3171E6800100081A3A5 /* ViewController.m in Sources */ = {isa = PBXBuildFile; fileRef = B111A3161E6800100081A3A5 /* ViewController.m */; };
		B111A31A1E6800100081A3A5 /* Main.storyboard in Resources */ = {isa = PBXBuildFile; fileRef = B111A3181E6800100081A3A5 /* Main.storyboard */; };
		B111A31C1E6800100081A3A5 /* Assets.xcassets in Resources */ = {isa = PBXBuildFile; fileRef = B111A31B1E6800100081A3A5 /* Assets.xcassets */; };
		B111A31F1E6800100081A3A5 /* LaunchScreen.storyboard in Resources */ = {isa = PBXBuildFile; fileRef = B111A31D1E6800100081A3A5 /* LaunchScreen.storyboard */; };
		B111A32A1E6800100081A3A5 /* WhalePayDemoTests.m in Sources */ = {isa = PBXBuildFile; fileRef = B111A3291E6800100081A3A5 /* WhalePayDemoTests.m */; };
		B111A3351E6800100081A3A5 /* WhalePayDemoUITests.m in Sources */ = {isa = PBXBuildFile; fileRef = B111A3341E6800100081A3A5 /* WhalePayDemoUITests.m */; };
		B111A3A91E6800760081A3A5 /* libcrypto.a in Frameworks */ = {isa = PBXBuildFile; fileRef = B111A3451E6800760081A3A5 /* libcrypto.a */; };
		B111A3AA1E6800760081A3A5 /* libssl.a in Frameworks */ = {isa = PBXBuildFile; fileRef = B111A3461E6800760081A3A5 /* libssl.a */; };
		B111A3AB1E6800760081A3A5 /* base64.m in Sources */ = {isa = PBXBuildFile; fileRef = B111A38F1E6800760081A3A5 /* base64.m */; };
		B111A3AC1E6800760081A3A5 /* Base64Data.m in Sources */ = {isa = PBXBuildFile; fileRef = B111A3911E6800760081A3A5 /* Base64Data.m */; };
		B111A3AD1E6800760081A3A5 /* DataSigner.m in Sources */ = {isa = PBXBuildFile; fileRef = B111A3941E6800760081A3A5 /* DataSigner.m */; };
		B111A3AE1E6800760081A3A5 /* DataVerifier.m in Sources */ = {isa = PBXBuildFile; fileRef = B111A3961E6800760081A3A5 /* DataVerifier.m */; };
		B111A3AF1E6800760081A3A5 /* MD5DataSigner.m in Sources */ = {isa = PBXBuildFile; fileRef = B111A3981E6800760081A3A5 /* MD5DataSigner.m */; };
		B111A3B01E6800760081A3A5 /* NSDataEx.m in Sources */ = {isa = PBXBuildFile; fileRef = B111A39A1E6800760081A3A5 /* NSDataEx.m */; };
		B111A3B11E6800760081A3A5 /* openssl_wrapper.m in Sources */ = {isa = PBXBuildFile; fileRef = B111A39C1E6800760081A3A5 /* openssl_wrapper.m */; };
		B111A3B21E6800760081A3A5 /* RSADataSigner.m in Sources */ = {isa = PBXBuildFile; fileRef = B111A39E1E6800760081A3A5 /* RSADataSigner.m */; };
		B111A3B31E6800760081A3A5 /* RSADataVerifier.m in Sources */ = {isa = PBXBuildFile; fileRef = B111A3A01E6800760081A3A5 /* RSADataVerifier.m */; };
		B111A3B41E6800760081A3A5 /* SecKeyWrapper.m in Sources */ = {isa = PBXBuildFile; fileRef = B111A3A21E6800760081A3A5 /* SecKeyWrapper.m */; };
		B111A3B51E6800760081A3A5 /* RSAUtil.m in Sources */ = {isa = PBXBuildFile; fileRef = B111A3A41E6800760081A3A5 /* RSAUtil.m */; };
		B111A3B61E6800760081A3A5 /* MBProgressHUD.m in Sources */ = {isa = PBXBuildFile; fileRef = B111A3A71E6800760081A3A5 /* MBProgressHUD.m */; };
		B111A3B71E6800760081A3A5 /* libWhalePaySDK.a in Frameworks */ = {isa = PBXBuildFile; fileRef = B111A3A81E6800760081A3A5 /* libWhalePaySDK.a */; };
		B1C83A441E6E4BF700C95A90 /* WhalePayWayCell.xib in Resources */ = {isa = PBXBuildFile; fileRef = B1C83A431E6E4BF700C95A90 /* WhalePayWayCell.xib */; };
		B1F02E1B1E6F986800E5A2FA /* WhaleResources.bundle in Resources */ = {isa = PBXBuildFile; fileRef = B1F02E1A1E6F986800E5A2FA /* WhaleResources.bundle */; };
/* End PBXBuildFile section */

/* Begin PBXContainerItemProxy section */
		B111A3261E6800100081A3A5 /* PBXContainerItemProxy */ = {
			isa = PBXContainerItemProxy;
			containerPortal = B111A3041E6800100081A3A5 /* Project object */;
			proxyType = 1;
			remoteGlobalIDString = B111A30B1E6800100081A3A5;
			remoteInfo = WhalePayDemo;
		};
		B111A3311E6800100081A3A5 /* PBXContainerItemProxy */ = {
			isa = PBXContainerItemProxy;
			containerPortal = B111A3041E6800100081A3A5 /* Project object */;
			proxyType = 1;
			remoteGlobalIDString = B111A30B1E6800100081A3A5;
			remoteInfo = WhalePayDemo;
		};
/* End PBXContainerItemProxy section */

/* Begin PBXFileReference section */
		B111A30C1E6800100081A3A5 /* WhalePayDemo.app */ = {isa = PBXFileReference; explicitFileType = wrapper.application; includeInIndex = 0; path = WhalePayDemo.app; sourceTree = BUILT_PRODUCTS_DIR; };
		B111A3101E6800100081A3A5 /* main.m */ = {isa = PBXFileReference; lastKnownFileType = sourcecode.c.objc; path = main.m; sourceTree = "<group>"; };
		B111A3121E6800100081A3A5 /* AppDelegate.h */ = {isa = PBXFileReference; lastKnownFileType = sourcecode.c.h; path = AppDelegate.h; sourceTree = "<group>"; };
		B111A3131E6800100081A3A5 /* AppDelegate.m */ = {isa = PBXFileReference; lastKnownFileType = sourcecode.c.objc; path = AppDelegate.m; sourceTree = "<group>"; };
		B111A3151E6800100081A3A5 /* ViewController.h */ = {isa = PBXFileReference; lastKnownFileType = sourcecode.c.h; path = ViewController.h; sourceTree = "<group>"; };
		B111A3161E6800100081A3A5 /* ViewController.m */ = {isa = PBXFileReference; lastKnownFileType = sourcecode.c.objc; path = ViewController.m; sourceTree = "<group>"; };
		B111A3191E6800100081A3A5 /* Base */ = {isa = PBXFileReference; lastKnownFileType = file.storyboard; name = Base; path = Base.lproj/Main.storyboard; sourceTree = "<group>"; };
		B111A31B1E6800100081A3A5 /* Assets.xcassets */ = {isa = PBXFileReference; lastKnownFileType = folder.assetcatalog; path = Assets.xcassets; sourceTree = "<group>"; };
		B111A31E1E6800100081A3A5 /* Base */ = {isa = PBXFileReference; lastKnownFileType = file.storyboard; name = Base; path = Base.lproj/LaunchScreen.storyboard; sourceTree = "<group>"; };
		B111A3201E6800100081A3A5 /* Info.plist */ = {isa = PBXFileReference; lastKnownFileType = text.plist.xml; path = Info.plist; sourceTree = "<group>"; };
		B111A3251E6800100081A3A5 /* WhalePayDemoTests.xctest */ = {isa = PBXFileReference; explicitFileType = wrapper.cfbundle; includeInIndex = 0; path = WhalePayDemoTests.xctest; sourceTree = BUILT_PRODUCTS_DIR; };
		B111A3291E6800100081A3A5 /* WhalePayDemoTests.m */ = {isa = PBXFileReference; lastKnownFileType = sourcecode.c.objc; path = WhalePayDemoTests.m; sourceTree = "<group>"; };
		B111A32B1E6800100081A3A5 /* Info.plist */ = {isa = PBXFileReference; lastKnownFileType = text.plist.xml; path = Info.plist; sourceTree = "<group>"; };
		B111A3301E6800100081A3A5 /* WhalePayDemoUITests.xctest */ = {isa = PBXFileReference; explicitFileType = wrapper.cfbundle; includeInIndex = 0; path = WhalePayDemoUITests.xctest; sourceTree = BUILT_PRODUCTS_DIR; };
		B111A3341E6800100081A3A5 /* WhalePayDemoUITests.m */ = {isa = PBXFileReference; lastKnownFileType = sourcecode.c.objc; path = WhalePayDemoUITests.m; sourceTree = "<group>"; };
		B111A3361E6800100081A3A5 /* Info.plist */ = {isa = PBXFileReference; lastKnownFileType = text.plist.xml; path = Info.plist; sourceTree = "<group>"; };
		B111A3451E6800760081A3A5 /* libcrypto.a */ = {isa = PBXFileReference; lastKnownFileType = archive.ar; path = libcrypto.a; sourceTree = "<group>"; };
		B111A3461E6800760081A3A5 /* libssl.a */ = {isa = PBXFileReference; lastKnownFileType = archive.ar; path = libssl.a; sourceTree = "<group>"; };
		B111A3481E6800760081A3A5 /* aes.h */ = {isa = PBXFileReference; fileEncoding = 4; lastKnownFileType = sourcecode.c.h; path = aes.h; sourceTree = "<group>"; };
		B111A3491E6800760081A3A5 /* asn1.h */ = {isa = PBXFileReference; fileEncoding = 4; lastKnownFileType = sourcecode.c.h; path = asn1.h; sourceTree = "<group>"; };
		B111A34A1E6800760081A3A5 /* asn1_mac.h */ = {isa = PBXFileReference; fileEncoding = 4; lastKnownFileType = sourcecode.c.h; path = asn1_mac.h; sourceTree = "<group>"; };
		B111A34B1E6800760081A3A5 /* asn1t.h */ = {isa = PBXFileReference; fileEncoding = 4; lastKnownFileType = sourcecode.c.h; path = asn1t.h; sourceTree = "<group>"; };
		B111A34C1E6800760081A3A5 /* bio.h */ = {isa = PBXFileReference; fileEncoding = 4; lastKnownFileType = sourcecode.c.h; path = bio.h; sourceTree = "<group>"; };
		B111A34D1E6800760081A3A5 /* blowfish.h */ = {isa = PBXFileReference; fileEncoding = 4; lastKnownFileType = sourcecode.c.h; path = blowfish.h; sourceTree = "<group>"; };
		B111A34E1E6800760081A3A5 /* bn.h */ = {isa = PBXFileReference; fileEncoding = 4; lastKnownFileType = sourcecode.c.h; path = bn.h; sourceTree = "<group>"; };
		B111A34F1E6800760081A3A5 /* buffer.h */ = {isa = PBXFileReference; fileEncoding = 4; lastKnownFileType = sourcecode.c.h; path = buffer.h; sourceTree = "<group>"; };
		B111A3501E6800760081A3A5 /* cast.h */ = {isa = PBXFileReference; fileEncoding = 4; lastKnownFileType = sourcecode.c.h; path = cast.h; sourceTree = "<group>"; };
		B111A3511E6800760081A3A5 /* comp.h */ = {isa = PBXFileReference; fileEncoding = 4; lastKnownFileType = sourcecode.c.h; path = comp.h; sourceTree = "<group>"; };
		B111A3521E6800760081A3A5 /* conf.h */ = {isa = PBXFileReference; fileEncoding = 4; lastKnownFileType = sourcecode.c.h; path = conf.h; sourceTree = "<group>"; };
		B111A3531E6800760081A3A5 /* conf_api.h */ = {isa = PBXFileReference; fileEncoding = 4; lastKnownFileType = sourcecode.c.h; path = conf_api.h; sourceTree = "<group>"; };
		B111A3541E6800760081A3A5 /* crypto.h */ = {isa = PBXFileReference; fileEncoding = 4; lastKnownFileType = sourcecode.c.h; path = crypto.h; sourceTree = "<group>"; };
		B111A3551E6800760081A3A5 /* des.h */ = {isa = PBXFileReference; fileEncoding = 4; lastKnownFileType = sourcecode.c.h; path = des.h; sourceTree = "<group>"; };
		B111A3561E6800760081A3A5 /* des_old.h */ = {isa = PBXFileReference; fileEncoding = 4; lastKnownFileType = sourcecode.c.h; path = des_old.h; sourceTree = "<group>"; };
		B111A3571E6800760081A3A5 /* dh.h */ = {isa = PBXFileReference; fileEncoding = 4; lastKnownFileType = sourcecode.c.h; path = dh.h; sourceTree = "<group>"; };
		B111A3581E6800760081A3A5 /* dsa.h */ = {isa = PBXFileReference; fileEncoding = 4; lastKnownFileType = sourcecode.c.h; path = dsa.h; sourceTree = "<group>"; };
		B111A3591E6800760081A3A5 /* dso.h */ = {isa = PBXFileReference; fileEncoding = 4; lastKnownFileType = sourcecode.c.h; path = dso.h; sourceTree = "<group>"; };
		B111A35A1E6800760081A3A5 /* dtls1.h */ = {isa = PBXFileReference; fileEncoding = 4; lastKnownFileType = sourcecode.c.h; path = dtls1.h; sourceTree = "<group>"; };
		B111A35B1E6800760081A3A5 /* e_os2.h */ = {isa = PBXFileReference; fileEncoding = 4; lastKnownFileType = sourcecode.c.h; path = e_os2.h; sourceTree = "<group>"; };
		B111A35C1E6800760081A3A5 /* ebcdic.h */ = {isa = PBXFileReference; fileEncoding = 4; lastKnownFileType = sourcecode.c.h; path = ebcdic.h; sourceTree = "<group>"; };
		B111A35D1E6800760081A3A5 /* ec.h */ = {isa = PBXFileReference; fileEncoding = 4; lastKnownFileType = sourcecode.c.h; path = ec.h; sourceTree = "<group>"; };
		B111A35E1E6800760081A3A5 /* ecdh.h */ = {isa = PBXFileReference; fileEncoding = 4; lastKnownFileType = sourcecode.c.h; path = ecdh.h; sourceTree = "<group>"; };
		B111A35F1E6800760081A3A5 /* ecdsa.h */ = {isa = PBXFileReference; fileEncoding = 4; lastKnownFileType = sourcecode.c.h; path = ecdsa.h; sourceTree = "<group>"; };
		B111A3601E6800760081A3A5 /* engine.h */ = {isa = PBXFileReference; fileEncoding = 4; lastKnownFileType = sourcecode.c.h; path = engine.h; sourceTree = "<group>"; };
		B111A3611E6800760081A3A5 /* err.h */ = {isa = PBXFileReference; fileEncoding = 4; lastKnownFileType = sourcecode.c.h; path = err.h; sourceTree = "<group>"; };
		B111A3621E6800760081A3A5 /* evp.h */ = {isa = PBXFileReference; fileEncoding = 4; lastKnownFileType = sourcecode.c.h; path = evp.h; sourceTree = "<group>"; };
		B111A3631E6800760081A3A5 /* hmac.h */ = {isa = PBXFileReference; fileEncoding = 4; lastKnownFileType = sourcecode.c.h; path = hmac.h; sourceTree = "<group>"; };
		B111A3641E6800760081A3A5 /* idea.h */ = {isa = PBXFileReference; fileEncoding = 4; lastKnownFileType = sourcecode.c.h; path = idea.h; sourceTree = "<group>"; };
		B111A3651E6800760081A3A5 /* krb5_asn.h */ = {isa = PBXFileReference; fileEncoding = 4; lastKnownFileType = sourcecode.c.h; path = krb5_asn.h; sourceTree = "<group>"; };
		B111A3661E6800760081A3A5 /* kssl.h */ = {isa = PBXFileReference; fileEncoding = 4; lastKnownFileType = sourcecode.c.h; path = kssl.h; sourceTree = "<group>"; };
		B111A3671E6800760081A3A5 /* lhash.h */ = {isa = PBXFileReference; fileEncoding = 4; lastKnownFileType = sourcecode.c.h; path = lhash.h; sourceTree = "<group>"; };
		B111A3681E6800760081A3A5 /* md2.h */ = {isa = PBXFileReference; fileEncoding = 4; lastKnownFileType = sourcecode.c.h; path = md2.h; sourceTree = "<group>"; };
		B111A3691E6800760081A3A5 /* md4.h */ = {isa = PBXFileReference; fileEncoding = 4; lastKnownFileType = sourcecode.c.h; path = md4.h; sourceTree = "<group>"; };
		B111A36A1E6800760081A3A5 /* md5.h */ = {isa = PBXFileReference; fileEncoding = 4; lastKnownFileType = sourcecode.c.h; path = md5.h; sourceTree = "<group>"; };
		B111A36B1E6800760081A3A5 /* obj_mac.h */ = {isa = PBXFileReference; fileEncoding = 4; lastKnownFileType = sourcecode.c.h; path = obj_mac.h; sourceTree = "<group>"; };
		B111A36C1E6800760081A3A5 /* objects.h */ = {isa = PBXFileReference; fileEncoding = 4; lastKnownFileType = sourcecode.c.h; path = objects.h; sourceTree = "<group>"; };
		B111A36D1E6800760081A3A5 /* ocsp.h */ = {isa = PBXFileReference; fileEncoding = 4; lastKnownFileType = sourcecode.c.h; path = ocsp.h; sourceTree = "<group>"; };
		B111A36E1E6800760081A3A5 /* opensslconf.h */ = {isa = PBXFileReference; fileEncoding = 4; lastKnownFileType = sourcecode.c.h; path = opensslconf.h; sourceTree = "<group>"; };
		B111A36F1E6800760081A3A5 /* opensslv.h */ = {isa = PBXFileReference; fileEncoding = 4; lastKnownFileType = sourcecode.c.h; path = opensslv.h; sourceTree = "<group>"; };
		B111A3701E6800760081A3A5 /* ossl_typ.h */ = {isa = PBXFileReference; fileEncoding = 4; lastKnownFileType = sourcecode.c.h; path = ossl_typ.h; sourceTree = "<group>"; };
		B111A3711E6800760081A3A5 /* pem.h */ = {isa = PBXFileReference; fileEncoding = 4; lastKnownFileType = sourcecode.c.h; path = pem.h; sourceTree = "<group>"; };
		B111A3721E6800760081A3A5 /* pem2.h */ = {isa = PBXFileReference; fileEncoding = 4; lastKnownFileType = sourcecode.c.h; path = pem2.h; sourceTree = "<group>"; };
		B111A3731E6800760081A3A5 /* pkcs12.h */ = {isa = PBXFileReference; fileEncoding = 4; lastKnownFileType = sourcecode.c.h; path = pkcs12.h; sourceTree = "<group>"; };
		B111A3741E6800760081A3A5 /* pkcs7.h */ = {isa = PBXFileReference; fileEncoding = 4; lastKnownFileType = sourcecode.c.h; path = pkcs7.h; sourceTree = "<group>"; };
		B111A3751E6800760081A3A5 /* pq_compat.h */ = {isa = PBXFileReference; fileEncoding = 4; lastKnownFileType = sourcecode.c.h; path = pq_compat.h; sourceTree = "<group>"; };
		B111A3761E6800760081A3A5 /* pqueue.h */ = {isa = PBXFileReference; fileEncoding = 4; lastKnownFileType = sourcecode.c.h; path = pqueue.h; sourceTree = "<group>"; };
		B111A3771E6800760081A3A5 /* rand.h */ = {isa = PBXFileReference; fileEncoding = 4; lastKnownFileType = sourcecode.c.h; path = rand.h; sourceTree = "<group>"; };
		B111A3781E6800760081A3A5 /* rc2.h */ = {isa = PBXFileReference; fileEncoding = 4; lastKnownFileType = sourcecode.c.h; path = rc2.h; sourceTree = "<group>"; };
		B111A3791E6800760081A3A5 /* rc4.h */ = {isa = PBXFileReference; fileEncoding = 4; lastKnownFileType = sourcecode.c.h; path = rc4.h; sourceTree = "<group>"; };
		B111A37A1E6800760081A3A5 /* ripemd.h */ = {isa = PBXFileReference; fileEncoding = 4; lastKnownFileType = sourcecode.c.h; path = ripemd.h; sourceTree = "<group>"; };
		B111A37B1E6800760081A3A5 /* rsa.h */ = {isa = PBXFileReference; fileEncoding = 4; lastKnownFileType = sourcecode.c.h; path = rsa.h; sourceTree = "<group>"; };
		B111A37C1E6800760081A3A5 /* safestack.h */ = {isa = PBXFileReference; fileEncoding = 4; lastKnownFileType = sourcecode.c.h; path = safestack.h; sourceTree = "<group>"; };
		B111A37D1E6800760081A3A5 /* sha.h */ = {isa = PBXFileReference; fileEncoding = 4; lastKnownFileType = sourcecode.c.h; path = sha.h; sourceTree = "<group>"; };
		B111A37E1E6800760081A3A5 /* ssl.h */ = {isa = PBXFileReference; fileEncoding = 4; lastKnownFileType = sourcecode.c.h; path = ssl.h; sourceTree = "<group>"; };
		B111A37F1E6800760081A3A5 /* ssl2.h */ = {isa = PBXFileReference; fileEncoding = 4; lastKnownFileType = sourcecode.c.h; path = ssl2.h; sourceTree = "<group>"; };
		B111A3801E6800760081A3A5 /* ssl23.h */ = {isa = PBXFileReference; fileEncoding = 4; lastKnownFileType = sourcecode.c.h; path = ssl23.h; sourceTree = "<group>"; };
		B111A3811E6800760081A3A5 /* ssl3.h */ = {isa = PBXFileReference; fileEncoding = 4; lastKnownFileType = sourcecode.c.h; path = ssl3.h; sourceTree = "<group>"; };
		B111A3821E6800760081A3A5 /* stack.h */ = {isa = PBXFileReference; fileEncoding = 4; lastKnownFileType = sourcecode.c.h; path = stack.h; sourceTree = "<group>"; };
		B111A3831E6800760081A3A5 /* store.h */ = {isa = PBXFileReference; fileEncoding = 4; lastKnownFileType = sourcecode.c.h; path = store.h; sourceTree = "<group>"; };
		B111A3841E6800760081A3A5 /* symhacks.h */ = {isa = PBXFileReference; fileEncoding = 4; lastKnownFileType = sourcecode.c.h; path = symhacks.h; sourceTree = "<group>"; };
		B111A3851E6800760081A3A5 /* tls1.h */ = {isa = PBXFileReference; fileEncoding = 4; lastKnownFileType = sourcecode.c.h; path = tls1.h; sourceTree = "<group>"; };
		B111A3861E6800760081A3A5 /* tmdiff.h */ = {isa = PBXFileReference; fileEncoding = 4; lastKnownFileType = sourcecode.c.h; path = tmdiff.h; sourceTree = "<group>"; };
		B111A3871E6800760081A3A5 /* txt_db.h */ = {isa = PBXFileReference; fileEncoding = 4; lastKnownFileType = sourcecode.c.h; path = txt_db.h; sourceTree = "<group>"; };
		B111A3881E6800760081A3A5 /* ui.h */ = {isa = PBXFileReference; fileEncoding = 4; lastKnownFileType = sourcecode.c.h; path = ui.h; sourceTree = "<group>"; };
		B111A3891E6800760081A3A5 /* ui_compat.h */ = {isa = PBXFileReference; fileEncoding = 4; lastKnownFileType = sourcecode.c.h; path = ui_compat.h; sourceTree = "<group>"; };
		B111A38A1E6800760081A3A5 /* x509.h */ = {isa = PBXFileReference; fileEncoding = 4; lastKnownFileType = sourcecode.c.h; path = x509.h; sourceTree = "<group>"; };
		B111A38B1E6800760081A3A5 /* x509_vfy.h */ = {isa = PBXFileReference; fileEncoding = 4; lastKnownFileType = sourcecode.c.h; path = x509_vfy.h; sourceTree = "<group>"; };
		B111A38C1E6800760081A3A5 /* x509v3.h */ = {isa = PBXFileReference; fileEncoding = 4; lastKnownFileType = sourcecode.c.h; path = x509v3.h; sourceTree = "<group>"; };
		B111A38E1E6800760081A3A5 /* base64.h */ = {isa = PBXFileReference; fileEncoding = 4; lastKnownFileType = sourcecode.c.h; path = base64.h; sourceTree = "<group>"; };
		B111A38F1E6800760081A3A5 /* base64.m */ = {isa = PBXFileReference; fileEncoding = 4; lastKnownFileType = sourcecode.c.objc; path = base64.m; sourceTree = "<group>"; };
		B111A3901E6800760081A3A5 /* Base64Data.h */ = {isa = PBXFileReference; fileEncoding = 4; lastKnownFileType = sourcecode.c.h; path = Base64Data.h; sourceTree = "<group>"; };
		B111A3911E6800760081A3A5 /* Base64Data.m */ = {isa = PBXFileReference; fileEncoding = 4; lastKnownFileType = sourcecode.c.objc; path = Base64Data.m; sourceTree = "<group>"; };
		B111A3921E6800760081A3A5 /* config.h */ = {isa = PBXFileReference; fileEncoding = 4; lastKnownFileType = sourcecode.c.h; path = config.h; sourceTree = "<group>"; };
		B111A3931E6800760081A3A5 /* DataSigner.h */ = {isa = PBXFileReference; fileEncoding = 4; lastKnownFileType = sourcecode.c.h; path = DataSigner.h; sourceTree = "<group>"; };
		B111A3941E6800760081A3A5 /* DataSigner.m */ = {isa = PBXFileReference; fileEncoding = 4; lastKnownFileType = sourcecode.c.objc; path = DataSigner.m; sourceTree = "<group>"; };
		B111A3951E6800760081A3A5 /* DataVerifier.h */ = {isa = PBXFileReference; fileEncoding = 4; lastKnownFileType = sourcecode.c.h; path = DataVerifier.h; sourceTree = "<group>"; };
		B111A3961E6800760081A3A5 /* DataVerifier.m */ = {isa = PBXFileReference; fileEncoding = 4; lastKnownFileType = sourcecode.c.objc; path = DataVerifier.m; sourceTree = "<group>"; };
		B111A3971E6800760081A3A5 /* MD5DataSigner.h */ = {isa = PBXFileReference; fileEncoding = 4; lastKnownFileType = sourcecode.c.h; path = MD5DataSigner.h; sourceTree = "<group>"; };
		B111A3981E6800760081A3A5 /* MD5DataSigner.m */ = {isa = PBXFileReference; fileEncoding = 4; lastKnownFileType = sourcecode.c.objc; path = MD5DataSigner.m; sourceTree = "<group>"; };
		B111A3991E6800760081A3A5 /* NSDataEx.h */ = {isa = PBXFileReference; fileEncoding = 4; lastKnownFileType = sourcecode.c.h; path = NSDataEx.h; sourceTree = "<group>"; };
		B111A39A1E6800760081A3A5 /* NSDataEx.m */ = {isa = PBXFileReference; fileEncoding = 4; lastKnownFileType = sourcecode.c.objc; path = NSDataEx.m; sourceTree = "<group>"; };
		B111A39B1E6800760081A3A5 /* openssl_wrapper.h */ = {isa = PBXFileReference; fileEncoding = 4; lastKnownFileType = sourcecode.c.h; path = openssl_wrapper.h; sourceTree = "<group>"; };
		B111A39C1E6800760081A3A5 /* openssl_wrapper.m */ = {isa = PBXFileReference; fileEncoding = 4; lastKnownFileType = sourcecode.c.objc; path = openssl_wrapper.m; sourceTree = "<group>"; };
		B111A39D1E6800760081A3A5 /* RSADataSigner.h */ = {isa = PBXFileReference; fileEncoding = 4; lastKnownFileType = sourcecode.c.h; path = RSADataSigner.h; sourceTree = "<group>"; };
		B111A39E1E6800760081A3A5 /* RSADataSigner.m */ = {isa = PBXFileReference; fileEncoding = 4; lastKnownFileType = sourcecode.c.objc; path = RSADataSigner.m; sourceTree = "<group>"; };
		B111A39F1E6800760081A3A5 /* RSADataVerifier.h */ = {isa = PBXFileReference; fileEncoding = 4; lastKnownFileType = sourcecode.c.h; path = RSADataVerifier.h; sourceTree = "<group>"; };
		B111A3A01E6800760081A3A5 /* RSADataVerifier.m */ = {isa = PBXFileReference; fileEncoding = 4; lastKnownFileType = sourcecode.c.objc; path = RSADataVerifier.m; sourceTree = "<group>"; };
		B111A3A11E6800760081A3A5 /* SecKeyWrapper.h */ = {isa = PBXFileReference; fileEncoding = 4; lastKnownFileType = sourcecode.c.h; path = SecKeyWrapper.h; sourceTree = "<group>"; };
		B111A3A21E6800760081A3A5 /* SecKeyWrapper.m */ = {isa = PBXFileReference; fileEncoding = 4; lastKnownFileType = sourcecode.c.objc; path = SecKeyWrapper.m; sourceTree = "<group>"; };
		B111A3A31E6800760081A3A5 /* RSAUtil.h */ = {isa = PBXFileReference; fileEncoding = 4; lastKnownFileType = sourcecode.c.h; path = RSAUtil.h; sourceTree = "<group>"; };
		B111A3A41E6800760081A3A5 /* RSAUtil.m */ = {isa = PBXFileReference; fileEncoding = 4; lastKnownFileType = sourcecode.c.objc; path = RSAUtil.m; sourceTree = "<group>"; };
		B111A3A61E6800760081A3A5 /* MBProgressHUD.h */ = {isa = PBXFileReference; fileEncoding = 4; lastKnownFileType = sourcecode.c.h; path = MBProgressHUD.h; sourceTree = "<group>"; };
		B111A3A71E6800760081A3A5 /* MBProgressHUD.m */ = {isa = PBXFileReference; fileEncoding = 4; lastKnownFileType = sourcecode.c.objc; path = MBProgressHUD.m; sourceTree = "<group>"; };
		B111A3A81E6800760081A3A5 /* libWhalePaySDK.a */ = {isa = PBXFileReference; lastKnownFileType = archive.ar; path = libWhalePaySDK.a; sourceTree = "<group>"; };
		B111A3B81E6801820081A3A5 /* WhalePayViewController.h */ = {isa = PBXFileReference; fileEncoding = 4; lastKnownFileType = sourcecode.c.h; path = WhalePayViewController.h; sourceTree = "<group>"; };
		B1C83A431E6E4BF700C95A90 /* WhalePayWayCell.xib */ = {isa = PBXFileReference; fileEncoding = 4; lastKnownFileType = file.xib; path = WhalePayWayCell.xib; sourceTree = "<group>"; };
		B1F02E1A1E6F986800E5A2FA /* WhaleResources.bundle */ = {isa = PBXFileReference; lastKnownFileType = "wrapper.plug-in"; path = WhaleResources.bundle; sourceTree = "<group>"; };
/* End PBXFileReference section */

/* Begin PBXFrameworksBuildPhase section */
		B111A3091E6800100081A3A5 /* Frameworks */ = {
			isa = PBXFrameworksBuildPhase;
			buildActionMask = 2147483647;
			files = (
				B111A3AA1E6800760081A3A5 /* libssl.a in Frameworks */,
				B111A3B71E6800760081A3A5 /* libWhalePaySDK.a in Frameworks */,
				B111A3A91E6800760081A3A5 /* libcrypto.a in Frameworks */,
			);
			runOnlyForDeploymentPostprocessing = 0;
		};
		B111A3221E6800100081A3A5 /* Frameworks */ = {
			isa = PBXFrameworksBuildPhase;
			buildActionMask = 2147483647;
			files = (
			);
			runOnlyForDeploymentPostprocessing = 0;
		};
		B111A32D1E6800100081A3A5 /* Frameworks */ = {
			isa = PBXFrameworksBuildPhase;
			buildActionMask = 2147483647;
			files = (
			);
			runOnlyForDeploymentPostprocessing = 0;
		};
/* End PBXFrameworksBuildPhase section */

/* Begin PBXGroup section */
		B111A3031E6800100081A3A5 = {
			isa = PBXGroup;
			children = (
				B111A30E1E6800100081A3A5 /* WhalePayDemo */,
				B111A3281E6800100081A3A5 /* WhalePayDemoTests */,
				B111A3331E6800100081A3A5 /* WhalePayDemoUITests */,
				B111A30D1E6800100081A3A5 /* Products */,
			);
			sourceTree = "<group>";
		};
		B111A30D1E6800100081A3A5 /* Products */ = {
			isa = PBXGroup;
			children = (
				B111A30C1E6800100081A3A5 /* WhalePayDemo.app */,
				B111A3251E6800100081A3A5 /* WhalePayDemoTests.xctest */,
				B111A3301E6800100081A3A5 /* WhalePayDemoUITests.xctest */,
			);
			name = Products;
			sourceTree = "<group>";
		};
		B111A30E1E6800100081A3A5 /* WhalePayDemo */ = {
			isa = PBXGroup;
			children = (
				B111A3421E6800760081A3A5 /* WhalePay */,
				B111A3121E6800100081A3A5 /* AppDelegate.h */,
				B111A3131E6800100081A3A5 /* AppDelegate.m */,
				B111A3151E6800100081A3A5 /* ViewController.h */,
				B111A3161E6800100081A3A5 /* ViewController.m */,
				B111A3181E6800100081A3A5 /* Main.storyboard */,
				B111A31B1E6800100081A3A5 /* Assets.xcassets */,
				B111A31D1E6800100081A3A5 /* LaunchScreen.storyboard */,
				B111A3201E6800100081A3A5 /* Info.plist */,
				B111A30F1E6800100081A3A5 /* Supporting Files */,
			);
			path = WhalePayDemo;
			sourceTree = "<group>";
		};
		B111A30F1E6800100081A3A5 /* Supporting Files */ = {
			isa = PBXGroup;
			children = (
				B111A3101E6800100081A3A5 /* main.m */,
			);
			name = "Supporting Files";
			sourceTree = "<group>";
		};
		B111A3281E6800100081A3A5 /* WhalePayDemoTests */ = {
			isa = PBXGroup;
			children = (
				B111A3291E6800100081A3A5 /* WhalePayDemoTests.m */,
				B111A32B1E6800100081A3A5 /* Info.plist */,
			);
			path = WhalePayDemoTests;
			sourceTree = "<group>";
		};
		B111A3331E6800100081A3A5 /* WhalePayDemoUITests */ = {
			isa = PBXGroup;
			children = (
				B111A3341E6800100081A3A5 /* WhalePayDemoUITests.m */,
				B111A3361E6800100081A3A5 /* Info.plist */,
			);
			path = WhalePayDemoUITests;
			sourceTree = "<group>";
		};
		B111A3421E6800760081A3A5 /* WhalePay */ = {
			isa = PBXGroup;
			children = (
				B111A3431E6800760081A3A5 /* include */,
				B111A3A81E6800760081A3A5 /* libWhalePaySDK.a */,
				B1C83A431E6E4BF700C95A90 /* WhalePayWayCell.xib */,
			);
			path = WhalePay;
			sourceTree = "<group>";
		};
		B111A3431E6800760081A3A5 /* include */ = {
			isa = PBXGroup;
			children = (
				B1F02E1A1E6F986800E5A2FA /* WhaleResources.bundle */,
				B111A3B81E6801820081A3A5 /* WhalePayViewController.h */,
				B111A3441E6800760081A3A5 /* RES */,
				B111A3A51E6800760081A3A5 /* Tools */,
			);
			path = include;
			sourceTree = "<group>";
		};
		B111A3441E6800760081A3A5 /* RES */ = {
			isa = PBXGroup;
			children = (
				B111A3451E6800760081A3A5 /* libcrypto.a */,
				B111A3461E6800760081A3A5 /* libssl.a */,
				B111A3471E6800760081A3A5 /* openssl */,
				B111A38D1E6800760081A3A5 /* rsaUtil */,
				B111A3A31E6800760081A3A5 /* RSAUtil.h */,
				B111A3A41E6800760081A3A5 /* RSAUtil.m */,
			);
			path = RES;
			sourceTree = "<group>";
		};
		B111A3471E6800760081A3A5 /* openssl */ = {
			isa = PBXGroup;
			children = (
				B111A3481E6800760081A3A5 /* aes.h */,
				B111A3491E6800760081A3A5 /* asn1.h */,
				B111A34A1E6800760081A3A5 /* asn1_mac.h */,
				B111A34B1E6800760081A3A5 /* asn1t.h */,
				B111A34C1E6800760081A3A5 /* bio.h */,
				B111A34D1E6800760081A3A5 /* blowfish.h */,
				B111A34E1E6800760081A3A5 /* bn.h */,
				B111A34F1E6800760081A3A5 /* buffer.h */,
				B111A3501E6800760081A3A5 /* cast.h */,
				B111A3511E6800760081A3A5 /* comp.h */,
				B111A3521E6800760081A3A5 /* conf.h */,
				B111A3531E6800760081A3A5 /* conf_api.h */,
				B111A3541E6800760081A3A5 /* crypto.h */,
				B111A3551E6800760081A3A5 /* des.h */,
				B111A3561E6800760081A3A5 /* des_old.h */,
				B111A3571E6800760081A3A5 /* dh.h */,
				B111A3581E6800760081A3A5 /* dsa.h */,
				B111A3591E6800760081A3A5 /* dso.h */,
				B111A35A1E6800760081A3A5 /* dtls1.h */,
				B111A35B1E6800760081A3A5 /* e_os2.h */,
				B111A35C1E6800760081A3A5 /* ebcdic.h */,
				B111A35D1E6800760081A3A5 /* ec.h */,
				B111A35E1E6800760081A3A5 /* ecdh.h */,
				B111A35F1E6800760081A3A5 /* ecdsa.h */,
				B111A3601E6800760081A3A5 /* engine.h */,
				B111A3611E6800760081A3A5 /* err.h */,
				B111A3621E6800760081A3A5 /* evp.h */,
				B111A3631E6800760081A3A5 /* hmac.h */,
				B111A3641E6800760081A3A5 /* idea.h */,
				B111A3651E6800760081A3A5 /* krb5_asn.h */,
				B111A3661E6800760081A3A5 /* kssl.h */,
				B111A3671E6800760081A3A5 /* lhash.h */,
				B111A3681E6800760081A3A5 /* md2.h */,
				B111A3691E6800760081A3A5 /* md4.h */,
				B111A36A1E6800760081A3A5 /* md5.h */,
				B111A36B1E6800760081A3A5 /* obj_mac.h */,
				B111A36C1E6800760081A3A5 /* objects.h */,
				B111A36D1E6800760081A3A5 /* ocsp.h */,
				B111A36E1E6800760081A3A5 /* opensslconf.h */,
				B111A36F1E6800760081A3A5 /* opensslv.h */,
				B111A3701E6800760081A3A5 /* ossl_typ.h */,
				B111A3711E6800760081A3A5 /* pem.h */,
				B111A3721E6800760081A3A5 /* pem2.h */,
				B111A3731E6800760081A3A5 /* pkcs12.h */,
				B111A3741E6800760081A3A5 /* pkcs7.h */,
				B111A3751E6800760081A3A5 /* pq_compat.h */,
				B111A3761E6800760081A3A5 /* pqueue.h */,
				B111A3771E6800760081A3A5 /* rand.h */,
				B111A3781E6800760081A3A5 /* rc2.h */,
				B111A3791E6800760081A3A5 /* rc4.h */,
				B111A37A1E6800760081A3A5 /* ripemd.h */,
				B111A37B1E6800760081A3A5 /* rsa.h */,
				B111A37C1E6800760081A3A5 /* safestack.h */,
				B111A37D1E6800760081A3A5 /* sha.h */,
				B111A37E1E6800760081A3A5 /* ssl.h */,
				B111A37F1E6800760081A3A5 /* ssl2.h */,
				B111A3801E6800760081A3A5 /* ssl23.h */,
				B111A3811E6800760081A3A5 /* ssl3.h */,
				B111A3821E6800760081A3A5 /* stack.h */,
				B111A3831E6800760081A3A5 /* store.h */,
				B111A3841E6800760081A3A5 /* symhacks.h */,
				B111A3851E6800760081A3A5 /* tls1.h */,
				B111A3861E6800760081A3A5 /* tmdiff.h */,
				B111A3871E6800760081A3A5 /* txt_db.h */,
				B111A3881E6800760081A3A5 /* ui.h */,
				B111A3891E6800760081A3A5 /* ui_compat.h */,
				B111A38A1E6800760081A3A5 /* x509.h */,
				B111A38B1E6800760081A3A5 /* x509_vfy.h */,
				B111A38C1E6800760081A3A5 /* x509v3.h */,
			);
			path = openssl;
			sourceTree = "<group>";
		};
		B111A38D1E6800760081A3A5 /* rsaUtil */ = {
			isa = PBXGroup;
			children = (
				B111A38E1E6800760081A3A5 /* base64.h */,
				B111A38F1E6800760081A3A5 /* base64.m */,
				B111A3901E6800760081A3A5 /* Base64Data.h */,
				B111A3911E6800760081A3A5 /* Base64Data.m */,
				B111A3921E6800760081A3A5 /* config.h */,
				B111A3931E6800760081A3A5 /* DataSigner.h */,
				B111A3941E6800760081A3A5 /* DataSigner.m */,
				B111A3951E6800760081A3A5 /* DataVerifier.h */,
				B111A3961E6800760081A3A5 /* DataVerifier.m */,
				B111A3971E6800760081A3A5 /* MD5DataSigner.h */,
				B111A3981E6800760081A3A5 /* MD5DataSigner.m */,
				B111A3991E6800760081A3A5 /* NSDataEx.h */,
				B111A39A1E6800760081A3A5 /* NSDataEx.m */,
				B111A39B1E6800760081A3A5 /* openssl_wrapper.h */,
				B111A39C1E6800760081A3A5 /* openssl_wrapper.m */,
				B111A39D1E6800760081A3A5 /* RSADataSigner.h */,
				B111A39E1E6800760081A3A5 /* RSADataSigner.m */,
				B111A39F1E6800760081A3A5 /* RSADataVerifier.h */,
				B111A3A01E6800760081A3A5 /* RSADataVerifier.m */,
				B111A3A11E6800760081A3A5 /* SecKeyWrapper.h */,
				B111A3A21E6800760081A3A5 /* SecKeyWrapper.m */,
			);
			path = rsaUtil;
			sourceTree = "<group>";
		};
		B111A3A51E6800760081A3A5 /* Tools */ = {
			isa = PBXGroup;
			children = (
				B111A3A61E6800760081A3A5 /* MBProgressHUD.h */,
				B111A3A71E6800760081A3A5 /* MBProgressHUD.m */,
			);
			path = Tools;
			sourceTree = "<group>";
		};
/* End PBXGroup section */

/* Begin PBXNativeTarget section */
		B111A30B1E6800100081A3A5 /* WhalePayDemo */ = {
			isa = PBXNativeTarget;
			buildConfigurationList = B111A3391E6800100081A3A5 /* Build configuration list for PBXNativeTarget "WhalePayDemo" */;
			buildPhases = (
				B111A3081E6800100081A3A5 /* Sources */,
				B111A3091E6800100081A3A5 /* Frameworks */,
				B111A30A1E6800100081A3A5 /* Resources */,
			);
			buildRules = (
			);
			dependencies = (
			);
			name = WhalePayDemo;
			productName = WhalePayDemo;
			productReference = B111A30C1E6800100081A3A5 /* WhalePayDemo.app */;
			productType = "com.apple.product-type.application";
		};
		B111A3241E6800100081A3A5 /* WhalePayDemoTests */ = {
			isa = PBXNativeTarget;
			buildConfigurationList = B111A33C1E6800100081A3A5 /* Build configuration list for PBXNativeTarget "WhalePayDemoTests" */;
			buildPhases = (
				B111A3211E6800100081A3A5 /* Sources */,
				B111A3221E6800100081A3A5 /* Frameworks */,
				B111A3231E6800100081A3A5 /* Resources */,
			);
			buildRules = (
			);
			dependencies = (
				B111A3271E6800100081A3A5 /* PBXTargetDependency */,
			);
			name = WhalePayDemoTests;
			productName = WhalePayDemoTests;
			productReference = B111A3251E6800100081A3A5 /* WhalePayDemoTests.xctest */;
			productType = "com.apple.product-type.bundle.unit-test";
		};
		B111A32F1E6800100081A3A5 /* WhalePayDemoUITests */ = {
			isa = PBXNativeTarget;
			buildConfigurationList = B111A33F1E6800100081A3A5 /* Build configuration list for PBXNativeTarget "WhalePayDemoUITests" */;
			buildPhases = (
				B111A32C1E6800100081A3A5 /* Sources */,
				B111A32D1E6800100081A3A5 /* Frameworks */,
				B111A32E1E6800100081A3A5 /* Resources */,
			);
			buildRules = (
			);
			dependencies = (
				B111A3321E6800100081A3A5 /* PBXTargetDependency */,
			);
			name = WhalePayDemoUITests;
			productName = WhalePayDemoUITests;
			productReference = B111A3301E6800100081A3A5 /* WhalePayDemoUITests.xctest */;
			productType = "com.apple.product-type.bundle.ui-testing";
		};
/* End PBXNativeTarget section */

/* Begin PBXProject section */
		B111A3041E6800100081A3A5 /* Project object */ = {
			isa = PBXProject;
			attributes = {
				LastUpgradeCheck = 0820;
				ORGANIZATIONNAME = liyong;
				TargetAttributes = {
					B111A30B1E6800100081A3A5 = {
						CreatedOnToolsVersion = 8.2.1;
						DevelopmentTeam = NBHLFYA79A;
						ProvisioningStyle = Automatic;
					};
					B111A3241E6800100081A3A5 = {
						CreatedOnToolsVersion = 8.2.1;
						DevelopmentTeam = ZW9XLD4957;
						ProvisioningStyle = Automatic;
						TestTargetID = B111A30B1E6800100081A3A5;
					};
					B111A32F1E6800100081A3A5 = {
						CreatedOnToolsVersion = 8.2.1;
						DevelopmentTeam = ZW9XLD4957;
						ProvisioningStyle = Automatic;
						TestTargetID = B111A30B1E6800100081A3A5;
					};
				};
			};
			buildConfigurationList = B111A3071E6800100081A3A5 /* Build configuration list for PBXProject "WhalePayDemo" */;
			compatibilityVersion = "Xcode 3.2";
			developmentRegion = English;
			hasScannedForEncodings = 0;
			knownRegions = (
				en,
				Base,
			);
			mainGroup = B111A3031E6800100081A3A5;
			productRefGroup = B111A30D1E6800100081A3A5 /* Products */;
			projectDirPath = "";
			projectRoot = "";
			targets = (
				B111A30B1E6800100081A3A5 /* WhalePayDemo */,
				B111A3241E6800100081A3A5 /* WhalePayDemoTests */,
				B111A32F1E6800100081A3A5 /* WhalePayDemoUITests */,
			);
		};
/* End PBXProject section */

/* Begin PBXResourcesBuildPhase section */
		B111A30A1E6800100081A3A5 /* Resources */ = {
			isa = PBXResourcesBuildPhase;
			buildActionMask = 2147483647;
			files = (
				B111A31F1E6800100081A3A5 /* LaunchScreen.storyboard in Resources */,
				B111A31C1E6800100081A3A5 /* Assets.xcassets in Resources */,
				B111A31A1E6800100081A3A5 /* Main.storyboard in Resources */,
				B1C83A441E6E4BF700C95A90 /* WhalePayWayCell.xib in Resources */,
				B1F02E1B1E6F986800E5A2FA /* WhaleResources.bundle in Resources */,
			);
			runOnlyForDeploymentPostprocessing = 0;
		};
		B111A3231E6800100081A3A5 /* Resources */ = {
			isa = PBXResourcesBuildPhase;
			buildActionMask = 2147483647;
			files = (
			);
			runOnlyForDeploymentPostprocessing = 0;
		};
		B111A32E1E6800100081A3A5 /* Resources */ = {
			isa = PBXResourcesBuildPhase;
			buildActionMask = 2147483647;
			files = (
			);
			runOnlyForDeploymentPostprocessing = 0;
		};
/* End PBXResourcesBuildPhase section */

/* Begin PBXSourcesBuildPhase section */
		B111A3081E6800100081A3A5 /* Sources */ = {
			isa = PBXSourcesBuildPhase;
			buildActionMask = 2147483647;
			files = (
				B111A3B51E6800760081A3A5 /* RSAUtil.m in Sources */,
				B111A3AB1E6800760081A3A5 /* base64.m in Sources */,
				B111A3171E6800100081A3A5 /* ViewController.m in Sources */,
				B111A3B01E6800760081A3A5 /* NSDataEx.m in Sources */,
				B111A3AF1E6800760081A3A5 /* MD5DataSigner.m in Sources */,
				B111A3B31E6800760081A3A5 /* RSADataVerifier.m in Sources */,
				B111A3141E6800100081A3A5 /* AppDelegate.m in Sources */,
				B111A3B61E6800760081A3A5 /* MBProgressHUD.m in Sources */,
				B111A3AD1E6800760081A3A5 /* DataSigner.m in Sources */,
				B111A3B21E6800760081A3A5 /* RSADataSigner.m in Sources */,
				B111A3B11E6800760081A3A5 /* openssl_wrapper.m in Sources */,
				B111A3AC1E6800760081A3A5 /* Base64Data.m in Sources */,
				B111A3B41E6800760081A3A5 /* SecKeyWrapper.m in Sources */,
				B111A3111E6800100081A3A5 /* main.m in Sources */,
				B111A3AE1E6800760081A3A5 /* DataVerifier.m in Sources */,
			);
			runOnlyForDeploymentPostprocessing = 0;
		};
		B111A3211E6800100081A3A5 /* Sources */ = {
			isa = PBXSourcesBuildPhase;
			buildActionMask = 2147483647;
			files = (
				B111A32A1E6800100081A3A5 /* WhalePayDemoTests.m in Sources */,
			);
			runOnlyForDeploymentPostprocessing = 0;
		};
		B111A32C1E6800100081A3A5 /* Sources */ = {
			isa = PBXSourcesBuildPhase;
			buildActionMask = 2147483647;
			files = (
				B111A3351E6800100081A3A5 /* WhalePayDemoUITests.m in Sources */,
			);
			runOnlyForDeploymentPostprocessing = 0;
		};
/* End PBXSourcesBuildPhase section */

/* Begin PBXTargetDependency section */
		B111A3271E6800100081A3A5 /* PBXTargetDependency */ = {
			isa = PBXTargetDependency;
			target = B111A30B1E6800100081A3A5 /* WhalePayDemo */;
			targetProxy = B111A3261E6800100081A3A5 /* PBXContainerItemProxy */;
		};
		B111A3321E6800100081A3A5 /* PBXTargetDependency */ = {
			isa = PBXTargetDependency;
			target = B111A30B1E6800100081A3A5 /* WhalePayDemo */;
			targetProxy = B111A3311E6800100081A3A5 /* PBXContainerItemProxy */;
		};
/* End PBXTargetDependency section */

/* Begin PBXVariantGroup section */
		B111A3181E6800100081A3A5 /* Main.storyboard */ = {
			isa = PBXVariantGroup;
			children = (
				B111A3191E6800100081A3A5 /* Base */,
			);
			name = Main.storyboard;
			sourceTree = "<group>";
		};
		B111A31D1E6800100081A3A5 /* LaunchScreen.storyboard */ = {
			isa = PBXVariantGroup;
			children = (
				B111A31E1E6800100081A3A5 /* Base */,
			);
			name = LaunchScreen.storyboard;
			sourceTree = "<group>";
		};
/* End PBXVariantGroup section */

/* Begin XCBuildConfiguration section */
		B111A3371E6800100081A3A5 /* Debug */ = {
			isa = XCBuildConfiguration;
			buildSettings = {
				ALWAYS_SEARCH_USER_PATHS = NO;
				CLANG_ANALYZER_NONNULL = YES;
				CLANG_CXX_LANGUAGE_STANDARD = "gnu++0x";
				CLANG_CXX_LIBRARY = "libc++";
				CLANG_ENABLE_MODULES = YES;
				CLANG_ENABLE_OBJC_ARC = YES;
				CLANG_WARN_BOOL_CONVERSION = YES;
				CLANG_WARN_CONSTANT_CONVERSION = YES;
				CLANG_WARN_DIRECT_OBJC_ISA_USAGE = YES_ERROR;
				CLANG_WARN_DOCUMENTATION_COMMENTS = YES;
				CLANG_WARN_EMPTY_BODY = YES;
				CLANG_WARN_ENUM_CONVERSION = YES;
				CLANG_WARN_INFINITE_RECURSION = YES;
				CLANG_WARN_INT_CONVERSION = YES;
				CLANG_WARN_OBJC_ROOT_CLASS = YES_ERROR;
				CLANG_WARN_SUSPICIOUS_MOVE = YES;
				CLANG_WARN_UNREACHABLE_CODE = YES;
				CLANG_WARN__DUPLICATE_METHOD_MATCH = YES;
				"CODE_SIGN_IDENTITY[sdk=iphoneos*]" = "iPhone Developer";
				COPY_PHASE_STRIP = NO;
				DEBUG_INFORMATION_FORMAT = dwarf;
				ENABLE_STRICT_OBJC_MSGSEND = YES;
				ENABLE_TESTABILITY = YES;
				GCC_C_LANGUAGE_STANDARD = gnu99;
				GCC_DYNAMIC_NO_PIC = NO;
				GCC_NO_COMMON_BLOCKS = YES;
				GCC_OPTIMIZATION_LEVEL = 0;
				GCC_PREPROCESSOR_DEFINITIONS = (
					"DEBUG=1",
					"$(inherited)",
				);
				GCC_WARN_64_TO_32_BIT_CONVERSION = YES;
				GCC_WARN_ABOUT_RETURN_TYPE = YES_ERROR;
				GCC_WARN_UNDECLARED_SELECTOR = YES;
				GCC_WARN_UNINITIALIZED_AUTOS = YES_AGGRESSIVE;
				GCC_WARN_UNUSED_FUNCTION = YES;
				GCC_WARN_UNUSED_VARIABLE = YES;
				IPHONEOS_DEPLOYMENT_TARGET = 10.2;
				MTL_ENABLE_DEBUG_INFO = YES;
				ONLY_ACTIVE_ARCH = YES;
				SDKROOT = iphoneos;
				TARGETED_DEVICE_FAMILY = "1,2";
			};
			name = Debug;
		};
		B111A3381E6800100081A3A5 /* Release */ = {
			isa = XCBuildConfiguration;
			buildSettings = {
				ALWAYS_SEARCH_USER_PATHS = NO;
				CLANG_ANALYZER_NONNULL = YES;
				CLANG_CXX_LANGUAGE_STANDARD = "gnu++0x";
				CLANG_CXX_LIBRARY = "libc++";
				CLANG_ENABLE_MODULES = YES;
				CLANG_ENABLE_OBJC_ARC = YES;
				CLANG_WARN_BOOL_CONVERSION = YES;
				CLANG_WARN_CONSTANT_CONVERSION = YES;
				CLANG_WARN_DIRECT_OBJC_ISA_USAGE = YES_ERROR;
				CLANG_WARN_DOCUMENTATION_COMMENTS = YES;
				CLANG_WARN_EMPTY_BODY = YES;
				CLANG_WARN_ENUM_CONVERSION = YES;
				CLANG_WARN_INFINITE_RECURSION = YES;
				CLANG_WARN_INT_CONVERSION = YES;
				CLANG_WARN_OBJC_ROOT_CLASS = YES_ERROR;
				CLANG_WARN_SUSPICIOUS_MOVE = YES;
				CLANG_WARN_UNREACHABLE_CODE = YES;
				CLANG_WARN__DUPLICATE_METHOD_MATCH = YES;
				"CODE_SIGN_IDENTITY[sdk=iphoneos*]" = "iPhone Developer";
				COPY_PHASE_STRIP = NO;
				DEBUG_INFORMATION_FORMAT = "dwarf-with-dsym";
				ENABLE_NS_ASSERTIONS = NO;
				ENABLE_STRICT_OBJC_MSGSEND = YES;
				GCC_C_LANGUAGE_STANDARD = gnu99;
				GCC_NO_COMMON_BLOCKS = YES;
				GCC_WARN_64_TO_32_BIT_CONVERSION = YES;
				GCC_WARN_ABOUT_RETURN_TYPE = YES_ERROR;
				GCC_WARN_UNDECLARED_SELECTOR = YES;
				GCC_WARN_UNINITIALIZED_AUTOS = YES_AGGRESSIVE;
				GCC_WARN_UNUSED_FUNCTION = YES;
				GCC_WARN_UNUSED_VARIABLE = YES;
				IPHONEOS_DEPLOYMENT_TARGET = 10.2;
				MTL_ENABLE_DEBUG_INFO = NO;
				SDKROOT = iphoneos;
				TARGETED_DEVICE_FAMILY = "1,2";
				VALIDATE_PRODUCT = YES;
			};
			name = Release;
		};
		B111A33A1E6800100081A3A5 /* Debug */ = {
			isa = XCBuildConfiguration;
			buildSettings = {
				ASSETCATALOG_COMPILER_APPICON_NAME = AppIcon;
				DEVELOPMENT_TEAM = NBHLFYA79A;
				ENABLE_BITCODE = NO;
				HEADER_SEARCH_PATHS = (
					"$(PROJECT_DIR)/WhalePayDemo/WhalePay/include/RES",
					"$(PROJECT_DIR)/WhalePayDemo/WhalePay/include",
					"$(PROJECT_DIR)/WhalePayDemo/WhalePay/include/Tools",
				);
				INFOPLIST_FILE = WhalePayDemo/Info.plist;
				LD_RUNPATH_SEARCH_PATHS = "$(inherited) @executable_path/Frameworks";
				LIBRARY_SEARCH_PATHS = (
					"$(inherited)",
					"$(PROJECT_DIR)/WhalePayDemo/WhalePay/include/RES",
					"$(PROJECT_DIR)/WhalePayDemo/WhalePay",
				);
				OTHER_LDFLAGS = "-ObjC";
				PRODUCT_BUNDLE_IDENTIFIER = com.magicsoft.WhalePayDemo;
				PRODUCT_NAME = "$(TARGET_NAME)";
			};
			name = Debug;
		};
		B111A33B1E6800100081A3A5 /* Release */ = {
			isa = XCBuildConfiguration;
			buildSettings = {
				ASSETCATALOG_COMPILER_APPICON_NAME = AppIcon;
				DEVELOPMENT_TEAM = NBHLFYA79A;
				ENABLE_BITCODE = NO;
				HEADER_SEARCH_PATHS = (
					"$(PROJECT_DIR)/WhalePayDemo/WhalePay/include/RES",
					"$(PROJECT_DIR)/WhalePayDemo/WhalePay/include",
					"$(PROJECT_DIR)/WhalePayDemo/WhalePay/include/Tools",
				);
				INFOPLIST_FILE = WhalePayDemo/Info.plist;
				LD_RUNPATH_SEARCH_PATHS = "$(inherited) @executable_path/Frameworks";
				LIBRARY_SEARCH_PATHS = (
					"$(inherited)",
					"$(PROJECT_DIR)/WhalePayDemo/WhalePay/include/RES",
					"$(PROJECT_DIR)/WhalePayDemo/WhalePay",
				);
				OTHER_LDFLAGS = "-ObjC";
				PRODUCT_BUNDLE_IDENTIFIER = com.magicsoft.WhalePayDemo;
				PRODUCT_NAME = "$(TARGET_NAME)";
			};
			name = Release;
		};
		B111A33D1E6800100081A3A5 /* Debug */ = {
			isa = XCBuildConfiguration;
			buildSettings = {
				BUNDLE_LOADER = "$(TEST_HOST)";
				DEVELOPMENT_TEAM = ZW9XLD4957;
				INFOPLIST_FILE = WhalePayDemoTests/Info.plist;
				LD_RUNPATH_SEARCH_PATHS = "$(inherited) @executable_path/Frameworks @loader_path/Frameworks";
				PRODUCT_BUNDLE_IDENTIFIER = com.magicsoft.WhalePayDemoTests;
				PRODUCT_NAME = "$(TARGET_NAME)";
				TEST_HOST = "$(BUILT_PRODUCTS_DIR)/WhalePayDemo.app/WhalePayDemo";
			};
			name = Debug;
		};
		B111A33E1E6800100081A3A5 /* Release */ = {
			isa = XCBuildConfiguration;
			buildSettings = {
				BUNDLE_LOADER = "$(TEST_HOST)";
				DEVELOPMENT_TEAM = ZW9XLD4957;
				INFOPLIST_FILE = WhalePayDemoTests/Info.plist;
				LD_RUNPATH_SEARCH_PATHS = "$(inherited) @executable_path/Frameworks @loader_path/Frameworks";
				PRODUCT_BUNDLE_IDENTIFIER = com.magicsoft.WhalePayDemoTests;
				PRODUCT_NAME = "$(TARGET_NAME)";
				TEST_HOST = "$(BUILT_PRODUCTS_DIR)/WhalePayDemo.app/WhalePayDemo";
			};
			name = Release;
		};
		B111A3401E6800100081A3A5 /* Debug */ = {
			isa = XCBuildConfiguration;
			buildSettings = {
				DEVELOPMENT_TEAM = ZW9XLD4957;
				INFOPLIST_FILE = WhalePayDemoUITests/Info.plist;
				LD_RUNPATH_SEARCH_PATHS = "$(inherited) @executable_path/Frameworks @loader_path/Frameworks";
				PRODUCT_BUNDLE_IDENTIFIER = com.magicsoft.WhalePayDemoUITests;
				PRODUCT_NAME = "$(TARGET_NAME)";
				TEST_TARGET_NAME = WhalePayDemo;
			};
			name = Debug;
		};
		B111A3411E6800100081A3A5 /* Release */ = {
			isa = XCBuildConfiguration;
			buildSettings = {
				DEVELOPMENT_TEAM = ZW9XLD4957;
				INFOPLIST_FILE = WhalePayDemoUITests/Info.plist;
				LD_RUNPATH_SEARCH_PATHS = "$(inherited) @executable_path/Frameworks @loader_path/Frameworks";
				PRODUCT_BUNDLE_IDENTIFIER = com.magicsoft.WhalePayDemoUITests;
				PRODUCT_NAME = "$(TARGET_NAME)";
				TEST_TARGET_NAME = WhalePayDemo;
			};
			name = Release;
		};
/* End XCBuildConfiguration section */

/* Begin XCConfigurationList section */
		B111A3071E6800100081A3A5 /* Build configuration list for PBXProject "WhalePayDemo" */ = {
			isa = XCConfigurationList;
			buildConfigurations = (
				B111A3371E6800100081A3A5 /* Debug */,
				B111A3381E6800100081A3A5 /* Release */,
			);
			defaultConfigurationIsVisible = 0;
			defaultConfigurationName = Release;
		};
		B111A3391E6800100081A3A5 /* Build configuration list for PBXNativeTarget "WhalePayDemo" */ = {
			isa = XCConfigurationList;
			buildConfigurations = (
				B111A33A1E6800100081A3A5 /* Debug */,
				B111A33B1E6800100081A3A5 /* Release */,
			);
			defaultConfigurationIsVisible = 0;
			defaultConfigurationName = Release;
		};
		B111A33C1E6800100081A3A5 /* Build configuration list for PBXNativeTarget "WhalePayDemoTests" */ = {
			isa = XCConfigurationList;
			buildConfigurations = (
				B111A33D1E6800100081A3A5 /* Debug */,
				B111A33E1E6800100081A3A5 /* Release */,
			);
			defaultConfigurationIsVisible = 0;
			defaultConfigurationName = Release;
		};
		B111A33F1E6800100081A3A5 /* Build configuration list for PBXNativeTarget "WhalePayDemoUITests" */ = {
			isa = XCConfigurationList;
			buildConfigurations = (
				B111A3401E6800100081A3A5 /* Debug */,
				B111A3411E6800100081A3A5 /* Release */,
			);
			defaultConfigurationIsVisible = 0;
			defaultConfigurationName = Release;
		};
/* End XCConfigurationList section */
	};
	rootObject = B111A3041E6800100081A3A5 /* Project object */;
}
